
Microsoft Visual Studio Solution File, Format Version 12.00
# Visual Studio Version 17
VisualStudioVersion = 17.10.35004.147
MinimumVisualStudioVersion = 10.0.40219.1
Project("{9A19103F-16F7-4668-BE54-9A1E7A4F7556}") = "BlackJackKursinis", "BlackJackKursinis.csproj", "{2569F883-167C-4019-B2CF-5B516CCA5AA4}"
EndProject
Project("{FAE04EC0-301F-11D3-BF4B-00C04F79EFBC}") = "BlackJackKursinisTests", "..\TestProject1\BlackJackKursinisTests.csproj", "{23DB1804-2BB3-4DCF-8DDF-5B95386E316A}"
EndProject
Global
	GlobalSection(SolutionConfigurationPlatforms) = preSolution
		Debug|Any CPU = Debug|Any CPU
		Release|Any CPU = Release|Any CPU
	EndGlobalSection
	GlobalSection(ProjectConfigurationPlatforms) = postSolution
		{2569F883-167C-4019-B2CF-5B516CCA5AA4}.Debug|Any CPU.ActiveCfg = Debug|Any CPU
		{2569F883-167C-4019-B2CF-5B516CCA5AA4}.Debug|Any CPU.Build.0 = Debug|Any CPU
		{2569F883-167C-4019-B2CF-5B516CCA5AA4}.Release|Any CPU.ActiveCfg = Release|Any CPU
		{2569F883-167C-4019-B2CF-5B516CCA5AA4}.Release|Any CPU.Build.0 = Release|Any CPU
		{23DB1804-2BB3-4DCF-8DDF-5B95386E316A}.Debug|Any CPU.ActiveCfg = Debug|Any CPU
		{23DB1804-2BB3-4DCF-8DDF-5B95386E316A}.Debug|Any CPU.Build.0 = Debug|Any CPU
		{23DB1804-2BB3-4DCF-8DDF-5B95386E316A}.Release|Any CPU.ActiveCfg = Release|Any CPU
		{23DB1804-2BB3-4DCF-8DDF-5B95386E316A}.Release|Any CPU.Build.0 = Release|Any CPU
	EndGlobalSection
	GlobalSection(SolutionProperties) = preSolution
		HideSolutionNode = FALSE
	EndGlobalSection
	GlobalSection(ExtensibilityGlobals) = postSolution
		SolutionGuid = {9A5EB9A2-B159-4900-872F-822C5A08CF79}
	EndGlobalSection
EndGlobal
